// !$*UTF8*$!
{
	archiveVersion = 1;
	classes = {
	};
	objectVersion = 56;
	objects = {

/* Begin PBXBuildFile section */
		180B1C862C3660E700607EB9 /* StringExtension.swift in Sources */ = {isa = PBXBuildFile; fileRef = 180B1C852C3660E700607EB9 /* StringExtension.swift */; };
		180B1C882C36615900607EB9 /* AlertFieldExtension.swift in Sources */ = {isa = PBXBuildFile; fileRef = 180B1C872C36615900607EB9 /* AlertFieldExtension.swift */; };
		180B1C8E2C366F2C00607EB9 /* HomeViewController.swift in Sources */ = {isa = PBXBuildFile; fileRef = 180B1C8D2C366F2C00607EB9 /* HomeViewController.swift */; };
		180E410B2C463365002992DA /* StarRating.swift in Sources */ = {isa = PBXBuildFile; fileRef = 180E410A2C463365002992DA /* StarRating.swift */; };
		180E41152C4651C9002992DA /* ProductQuantityController.swift in Sources */ = {isa = PBXBuildFile; fileRef = 180E41142C4651C9002992DA /* ProductQuantityController.swift */; };
		180E411B2C468A9A002992DA /* AddressListViewController.swift in Sources */ = {isa = PBXBuildFile; fileRef = 180E411A2C468A9A002992DA /* AddressListViewController.swift */; };
		180E41202C468D75002992DA /* StoreViewController.swift in Sources */ = {isa = PBXBuildFile; fileRef = 180E411F2C468D75002992DA /* StoreViewController.swift */; };
		180E41222C4691EB002992DA /* Capital.swift in Sources */ = {isa = PBXBuildFile; fileRef = 180E41212C4691EB002992DA /* Capital.swift */; };
		180E41262C46956B002992DA /* StoreViewExtension.swift in Sources */ = {isa = PBXBuildFile; fileRef = 180E41252C46956B002992DA /* StoreViewExtension.swift */; };
		180E41292C4695F2002992DA /* StoreTableViewCell.swift in Sources */ = {isa = PBXBuildFile; fileRef = 180E41272C4695F2002992DA /* StoreTableViewCell.swift */; };
		180E412A2C4695F2002992DA /* StoreTableViewCell.xib in Resources */ = {isa = PBXBuildFile; fileRef = 180E41282C4695F2002992DA /* StoreTableViewCell.xib */; };
		180E412D2C469BB9002992DA /* AddressListCell.swift in Sources */ = {isa = PBXBuildFile; fileRef = 180E412B2C469BB9002992DA /* AddressListCell.swift */; };
		180E412E2C469BB9002992DA /* AddressListCell.xib in Resources */ = {isa = PBXBuildFile; fileRef = 180E412C2C469BB9002992DA /* AddressListCell.xib */; };
		1812E2D02C47784100D05C0F /* AddAddressController.swift in Sources */ = {isa = PBXBuildFile; fileRef = 1812E2CF2C47784100D05C0F /* AddAddressController.swift */; };
		1812E2D72C47AC7E00D05C0F /* AddressListExtension.swift in Sources */ = {isa = PBXBuildFile; fileRef = 1812E2D62C47AC7E00D05C0F /* AddressListExtension.swift */; };
		1812E2DD2C47DA7D00D05C0F /* OrderListViewController.swift in Sources */ = {isa = PBXBuildFile; fileRef = 1812E2DC2C47DA7D00D05C0F /* OrderListViewController.swift */; };
		1812E2DF2C47DC6600D05C0F /* OrderModel.swift in Sources */ = {isa = PBXBuildFile; fileRef = 1812E2DE2C47DC6600D05C0F /* OrderModel.swift */; };
		1812E2E12C47DD2500D05C0F /* OrderViewModel.swift in Sources */ = {isa = PBXBuildFile; fileRef = 1812E2E02C47DD2500D05C0F /* OrderViewModel.swift */; };
		1812E2E32C47E4D600D05C0F /* OrderListModel.swift in Sources */ = {isa = PBXBuildFile; fileRef = 1812E2E22C47E4D600D05C0F /* OrderListModel.swift */; };
		1812E2E52C47EBDB00D05C0F /* OrderListViewModel.swift in Sources */ = {isa = PBXBuildFile; fileRef = 1812E2E42C47EBDB00D05C0F /* OrderListViewModel.swift */; };
		1812E2E82C47ED3600D05C0F /* OrderListViewCell.swift in Sources */ = {isa = PBXBuildFile; fileRef = 1812E2E62C47ED3600D05C0F /* OrderListViewCell.swift */; };
		1812E2E92C47ED3600D05C0F /* OrderListViewCell.xib in Resources */ = {isa = PBXBuildFile; fileRef = 1812E2E72C47ED3600D05C0F /* OrderListViewCell.xib */; };
		1812E2EB2C47EDA000D05C0F /* OrderListExtension.swift in Sources */ = {isa = PBXBuildFile; fileRef = 1812E2EA2C47EDA000D05C0F /* OrderListExtension.swift */; };
		181910E52C3F9BDB0018B1E8 /* CartTableViewCell.swift in Sources */ = {isa = PBXBuildFile; fileRef = 181910E32C3F9BDB0018B1E8 /* CartTableViewCell.swift */; };
		181910E62C3F9BDB0018B1E8 /* CartTableViewCell.xib in Resources */ = {isa = PBXBuildFile; fileRef = 181910E42C3F9BDB0018B1E8 /* CartTableViewCell.xib */; };
		181910E82C3FA5EB0018B1E8 /* CartViewModel.swift in Sources */ = {isa = PBXBuildFile; fileRef = 181910E72C3FA5EB0018B1E8 /* CartViewModel.swift */; };
		181910EA2C3FB8040018B1E8 /* ProductListViewModel.swift in Sources */ = {isa = PBXBuildFile; fileRef = 181910E92C3FB8040018B1E8 /* ProductListViewModel.swift */; };
		181910EE2C3FE5440018B1E8 /* ListCartModel.swift in Sources */ = {isa = PBXBuildFile; fileRef = 181910ED2C3FE5440018B1E8 /* ListCartModel.swift */; };
		181910F02C3FE97A0018B1E8 /* ListCartViewModel.swift in Sources */ = {isa = PBXBuildFile; fileRef = 181910EF2C3FE97A0018B1E8 /* ListCartViewModel.swift */; };
		181910F32C4007550018B1E8 /* AmountTableViewCell.swift in Sources */ = {isa = PBXBuildFile; fileRef = 181910F12C4007550018B1E8 /* AmountTableViewCell.swift */; };
		181910F42C4007550018B1E8 /* AmountTableViewCell.xib in Resources */ = {isa = PBXBuildFile; fileRef = 181910F22C4007550018B1E8 /* AmountTableViewCell.xib */; };
		18278A672C41388A004F7629 /* DeleteCartViewModel.swift in Sources */ = {isa = PBXBuildFile; fileRef = 18278A662C41388A004F7629 /* DeleteCartViewModel.swift */; };
		18278A712C415914004F7629 /* UserModel.swift in Sources */ = {isa = PBXBuildFile; fileRef = 18278A702C415914004F7629 /* UserModel.swift */; };
		18278A732C415947004F7629 /* UserDetailsViewModel.swift in Sources */ = {isa = PBXBuildFile; fileRef = 18278A722C415947004F7629 /* UserDetailsViewModel.swift */; };
		18278A752C4159E1004F7629 /* MyAccountViewController.swift in Sources */ = {isa = PBXBuildFile; fileRef = 18278A742C4159E1004F7629 /* MyAccountViewController.swift */; };
		1828FC4F2C35102A007DB450 /* RegisterViewModel.swift in Sources */ = {isa = PBXBuildFile; fileRef = 1828FC4E2C35102A007DB450 /* RegisterViewModel.swift */; };
		183089FC2C33FB1500C62ABD /* APIManager.swift in Sources */ = {isa = PBXBuildFile; fileRef = 183089FB2C33FB1500C62ABD /* APIManager.swift */; };
		18308A022C33FE1600C62ABD /* UserEndPointType.swift in Sources */ = {isa = PBXBuildFile; fileRef = 18308A012C33FE1600C62ABD /* UserEndPointType.swift */; };
		18308A042C33FF3800C62ABD /* Register.swift in Sources */ = {isa = PBXBuildFile; fileRef = 18308A032C33FF3800C62ABD /* Register.swift */; };
		18308A062C33FFC600C62ABD /* Login.swift in Sources */ = {isa = PBXBuildFile; fileRef = 18308A052C33FFC600C62ABD /* Login.swift */; };
		18308A092C34009A00C62ABD /* Alamofire in Frameworks */ = {isa = PBXBuildFile; productRef = 18308A082C34009A00C62ABD /* Alamofire */; };
		187807212C36CFCD006B2097 /* HomeVCExtension.swift in Sources */ = {isa = PBXBuildFile; fileRef = 187807202C36CFCD006B2097 /* HomeVCExtension.swift */; };
		187807282C36D0B7006B2097 /* MyCollectionViewCell.swift in Sources */ = {isa = PBXBuildFile; fileRef = 187807262C36D0B7006B2097 /* MyCollectionViewCell.swift */; };
		187807292C36D0B7006B2097 /* MyCollectionViewCell.xib in Resources */ = {isa = PBXBuildFile; fileRef = 187807272C36D0B7006B2097 /* MyCollectionViewCell.xib */; };
		189215C02C4E52D200B2B65A /* EditCartViewModel.swift in Sources */ = {isa = PBXBuildFile; fileRef = 189215BF2C4E52D200B2B65A /* EditCartViewModel.swift */; };
		18B0A8AA2C3E8F2600C9366D /* CartViewController.swift in Sources */ = {isa = PBXBuildFile; fileRef = 18B0A8A92C3E8F2600C9366D /* CartViewController.swift */; };
		18B0A8AC2C3E998900C9366D /* CartExtension.swift in Sources */ = {isa = PBXBuildFile; fileRef = 18B0A8AB2C3E998900C9366D /* CartExtension.swift */; };
		18B0A8AE2C3E9E2800C9366D /* CartModel.swift in Sources */ = {isa = PBXBuildFile; fileRef = 18B0A8AD2C3E9E2800C9366D /* CartModel.swift */; };
		18BC69542C328BA8002A5425 /* AppDelegate.swift in Sources */ = {isa = PBXBuildFile; fileRef = 18BC69532C328BA8002A5425 /* AppDelegate.swift */; };
		18BC69562C328BA8002A5425 /* SceneDelegate.swift in Sources */ = {isa = PBXBuildFile; fileRef = 18BC69552C328BA8002A5425 /* SceneDelegate.swift */; };
		18BC695B2C328BA8002A5425 /* Main.storyboard in Resources */ = {isa = PBXBuildFile; fileRef = 18BC69592C328BA8002A5425 /* Main.storyboard */; };
		18BC695E2C328BA8002A5425 /* NeoStoreMVVM.xcdatamodeld in Sources */ = {isa = PBXBuildFile; fileRef = 18BC695C2C328BA8002A5425 /* NeoStoreMVVM.xcdatamodeld */; };
		18BC69602C328BAA002A5425 /* Assets.xcassets in Resources */ = {isa = PBXBuildFile; fileRef = 18BC695F2C328BAA002A5425 /* Assets.xcassets */; };
		18BC69632C328BAA002A5425 /* LaunchScreen.storyboard in Resources */ = {isa = PBXBuildFile; fileRef = 18BC69612C328BAA002A5425 /* LaunchScreen.storyboard */; };
		18BC69762C328CD5002A5425 /* LoginViewController.swift in Sources */ = {isa = PBXBuildFile; fileRef = 18BC69752C328CD5002A5425 /* LoginViewController.swift */; };
		18BC69792C32ABCD002A5425 /* UITextFieldExtension.swift in Sources */ = {isa = PBXBuildFile; fileRef = 18BC69782C32ABCC002A5425 /* UITextFieldExtension.swift */; };
		18BC697B2C32B0AC002A5425 /* ButtonExtension.swift in Sources */ = {isa = PBXBuildFile; fileRef = 18BC697A2C32B0AB002A5425 /* ButtonExtension.swift */; };
		18BC69832C32BA76002A5425 /* ForgetPassViewController.swift in Sources */ = {isa = PBXBuildFile; fileRef = 18BC69822C32BA76002A5425 /* ForgetPassViewController.swift */; };
		18BC69892C32C37C002A5425 /* RegisterViewController.swift in Sources */ = {isa = PBXBuildFile; fileRef = 18BC69882C32C37C002A5425 /* RegisterViewController.swift */; };
		18C1FAC82C4A95F800648E42 /* UIPickerViewExtension.swift in Sources */ = {isa = PBXBuildFile; fileRef = 18C1FAC72C4A95F800648E42 /* UIPickerViewExtension.swift */; };
		18C1FACA2C4A962F00648E42 /* CartPickerExtension.swift in Sources */ = {isa = PBXBuildFile; fileRef = 18C1FAC92C4A962F00648E42 /* CartPickerExtension.swift */; };
		18C424C82C44D963002E0CA1 /* EditAccountController.swift in Sources */ = {isa = PBXBuildFile; fileRef = 18C424C72C44D963002E0CA1 /* EditAccountController.swift */; };
		18C424CA2C44D97A002E0CA1 /* EditAccountModel.swift in Sources */ = {isa = PBXBuildFile; fileRef = 18C424C92C44D97A002E0CA1 /* EditAccountModel.swift */; };
		18C424CC2C44D98B002E0CA1 /* EditAccountViewModel.swift in Sources */ = {isa = PBXBuildFile; fileRef = 18C424CB2C44D98B002E0CA1 /* EditAccountViewModel.swift */; };
		18C424CE2C44EC01002E0CA1 /* ForgotPassModel.swift in Sources */ = {isa = PBXBuildFile; fileRef = 18C424CD2C44EC01002E0CA1 /* ForgotPassModel.swift */; };
		18C424D02C44ECA5002E0CA1 /* ForgotPassViewModel.swift in Sources */ = {isa = PBXBuildFile; fileRef = 18C424CF2C44ECA5002E0CA1 /* ForgotPassViewModel.swift */; };
		18C424D62C44F356002E0CA1 /* ResetPassViewController.swift in Sources */ = {isa = PBXBuildFile; fileRef = 18C424D52C44F356002E0CA1 /* ResetPassViewController.swift */; };
		18C424D82C44F367002E0CA1 /* ResetPassModel.swift in Sources */ = {isa = PBXBuildFile; fileRef = 18C424D72C44F367002E0CA1 /* ResetPassModel.swift */; };
		18C424DA2C44F377002E0CA1 /* ResetPassViewModel.swift in Sources */ = {isa = PBXBuildFile; fileRef = 18C424D92C44F377002E0CA1 /* ResetPassViewModel.swift */; };
		18C424E02C4503C6002E0CA1 /* ProductRatingController.swift in Sources */ = {isa = PBXBuildFile; fileRef = 18C424DF2C4503C6002E0CA1 /* ProductRatingController.swift */; };
		18C424E32C4503F1002E0CA1 /* ProductRatingModel.swift in Sources */ = {isa = PBXBuildFile; fileRef = 18C424E22C4503F1002E0CA1 /* ProductRatingModel.swift */; };
		18C424E52C450402002E0CA1 /* ProductRatingVM.swift in Sources */ = {isa = PBXBuildFile; fileRef = 18C424E42C450402002E0CA1 /* ProductRatingVM.swift */; };
		18D2502F2C3D01EB00D58CFF /* UIImageExtension.swift in Sources */ = {isa = PBXBuildFile; fileRef = 18D2502E2C3D01EB00D58CFF /* UIImageExtension.swift */; };
		18D250312C3D163000D58CFF /* StarRatingView.swift in Sources */ = {isa = PBXBuildFile; fileRef = 18D250302C3D163000D58CFF /* StarRatingView.swift */; };
		18D2503C2C3D24A800D58CFF /* ProductTableViewCell.swift in Sources */ = {isa = PBXBuildFile; fileRef = 18D2503A2C3D24A800D58CFF /* ProductTableViewCell.swift */; };
		18D2503D2C3D24A800D58CFF /* ProductTableViewCell.xib in Resources */ = {isa = PBXBuildFile; fileRef = 18D2503B2C3D24A800D58CFF /* ProductTableViewCell.xib */; };
		18D639302C48D1640060B282 /* OrderDetailsViewController.swift in Sources */ = {isa = PBXBuildFile; fileRef = 18D6392F2C48D1640060B282 /* OrderDetailsViewController.swift */; };
		18D639322C48D22C0060B282 /* OrderDetailsModel.swift in Sources */ = {isa = PBXBuildFile; fileRef = 18D639312C48D22C0060B282 /* OrderDetailsModel.swift */; };
		18D639342C48D33E0060B282 /* OrderDetailsVM.swift in Sources */ = {isa = PBXBuildFile; fileRef = 18D639332C48D33E0060B282 /* OrderDetailsVM.swift */; };
		18D639362C48D38F0060B282 /* OrderDetailsExtension.swift in Sources */ = {isa = PBXBuildFile; fileRef = 18D639352C48D38F0060B282 /* OrderDetailsExtension.swift */; };
		18D6393D2C48F9480060B282 /* OrderDetailsViewCell.swift in Sources */ = {isa = PBXBuildFile; fileRef = 18D6393B2C48F9480060B282 /* OrderDetailsViewCell.swift */; };
		18D6393E2C48F9480060B282 /* OrderDetailsViewCell.xib in Resources */ = {isa = PBXBuildFile; fileRef = 18D6393C2C48F9480060B282 /* OrderDetailsViewCell.xib */; };
		18DA70EA2C37F2B0008A2B96 /* SideViewController.swift in Sources */ = {isa = PBXBuildFile; fileRef = 18DA70E92C37F2B0008A2B96 /* SideViewController.swift */; };
		18DA70ED2C37F808008A2B96 /* SideTableViewCell.swift in Sources */ = {isa = PBXBuildFile; fileRef = 18DA70EB2C37F808008A2B96 /* SideTableViewCell.swift */; };
		18DA70EE2C37F808008A2B96 /* SideTableViewCell.xib in Resources */ = {isa = PBXBuildFile; fileRef = 18DA70EC2C37F808008A2B96 /* SideTableViewCell.xib */; };
		18DA70F02C37FD55008A2B96 /* SideVCExtension.swift in Sources */ = {isa = PBXBuildFile; fileRef = 18DA70EF2C37FD55008A2B96 /* SideVCExtension.swift */; };
		18DA70F22C38009A008A2B96 /* ImageExtension.swift in Sources */ = {isa = PBXBuildFile; fileRef = 18DA70F12C38009A008A2B96 /* ImageExtension.swift */; };
		18EA75C22C3BBD35009E3179 /* CustomView.swift in Sources */ = {isa = PBXBuildFile; fileRef = 18EA75C12C3BBD35009E3179 /* CustomView.swift */; };
		18EA75C62C3BC330009E3179 /* HomeViewExtension.swift in Sources */ = {isa = PBXBuildFile; fileRef = 18EA75C52C3BC330009E3179 /* HomeViewExtension.swift */; };
		18EA75E12C3BE53D009E3179 /* Kingfisher in Frameworks */ = {isa = PBXBuildFile; productRef = 18EA75E02C3BE53D009E3179 /* Kingfisher */; };
		18EA75E32C3BF04A009E3179 /* APIHelper.swift in Sources */ = {isa = PBXBuildFile; fileRef = 18EA75E22C3BF049009E3179 /* APIHelper.swift */; };
		18EB09552C4F656E00B3E4EC /* LoginVM.swift in Sources */ = {isa = PBXBuildFile; fileRef = 18EB09542C4F656E00B3E4EC /* LoginVM.swift */; };
		18EB09572C4F72BD00B3E4EC /* Gotham Bold in Resources */ = {isa = PBXBuildFile; fileRef = 18EB09562C4F72BD00B3E4EC /* Gotham Bold */; };
		18EB095A2C4F870D00B3E4EC /* ProductViewModel.swift in Sources */ = {isa = PBXBuildFile; fileRef = 18EB09592C4F870D00B3E4EC /* ProductViewModel.swift */; };
		18EB095C2C4F879A00B3E4EC /* ProductViewController.swift in Sources */ = {isa = PBXBuildFile; fileRef = 18EB095B2C4F879A00B3E4EC /* ProductViewController.swift */; };
		18FE15542C3D3DD400DD9026 /* ProductExtension.swift in Sources */ = {isa = PBXBuildFile; fileRef = 18FE15532C3D3DD400DD9026 /* ProductExtension.swift */; };
		18FE155D2C3D499A00DD9026 /* Product.swift in Sources */ = {isa = PBXBuildFile; fileRef = 18FE155C2C3D499A00DD9026 /* Product.swift */; };
		18FE15672C3D5BD100DD9026 /* ProductListViewController.swift in Sources */ = {isa = PBXBuildFile; fileRef = 18FE15662C3D5BD100DD9026 /* ProductListViewController.swift */; };
/* End PBXBuildFile section */

/* Begin PBXFileReference section */
		180B1C852C3660E700607EB9 /* StringExtension.swift */ = {isa = PBXFileReference; lastKnownFileType = sourcecode.swift; path = StringExtension.swift; sourceTree = "<group>"; };
		180B1C872C36615900607EB9 /* AlertFieldExtension.swift */ = {isa = PBXFileReference; lastKnownFileType = sourcecode.swift; path = AlertFieldExtension.swift; sourceTree = "<group>"; };
		180B1C8D2C366F2C00607EB9 /* HomeViewController.swift */ = {isa = PBXFileReference; lastKnownFileType = sourcecode.swift; path = HomeViewController.swift; sourceTree = "<group>"; };
		180E410A2C463365002992DA /* StarRating.swift */ = {isa = PBXFileReference; lastKnownFileType = sourcecode.swift; path = StarRating.swift; sourceTree = "<group>"; };
		180E41142C4651C9002992DA /* ProductQuantityController.swift */ = {isa = PBXFileReference; lastKnownFileType = sourcecode.swift; path = ProductQuantityController.swift; sourceTree = "<group>"; };
		180E411A2C468A9A002992DA /* AddressListViewController.swift */ = {isa = PBXFileReference; lastKnownFileType = sourcecode.swift; path = AddressListViewController.swift; sourceTree = "<group>"; };
		180E411F2C468D75002992DA /* StoreViewController.swift */ = {isa = PBXFileReference; lastKnownFileType = sourcecode.swift; path = StoreViewController.swift; sourceTree = "<group>"; };
		180E41212C4691EB002992DA /* Capital.swift */ = {isa = PBXFileReference; lastKnownFileType = sourcecode.swift; path = Capital.swift; sourceTree = "<group>"; };
		180E41252C46956B002992DA /* StoreViewExtension.swift */ = {isa = PBXFileReference; lastKnownFileType = sourcecode.swift; path = StoreViewExtension.swift; sourceTree = "<group>"; };
		180E41272C4695F2002992DA /* StoreTableViewCell.swift */ = {isa = PBXFileReference; lastKnownFileType = sourcecode.swift; path = StoreTableViewCell.swift; sourceTree = "<group>"; };
		180E41282C4695F2002992DA /* StoreTableViewCell.xib */ = {isa = PBXFileReference; lastKnownFileType = file.xib; path = StoreTableViewCell.xib; sourceTree = "<group>"; };
		180E412B2C469BB9002992DA /* AddressListCell.swift */ = {isa = PBXFileReference; lastKnownFileType = sourcecode.swift; path = AddressListCell.swift; sourceTree = "<group>"; };
		180E412C2C469BB9002992DA /* AddressListCell.xib */ = {isa = PBXFileReference; lastKnownFileType = file.xib; path = AddressListCell.xib; sourceTree = "<group>"; };
		1812E2CF2C47784100D05C0F /* AddAddressController.swift */ = {isa = PBXFileReference; lastKnownFileType = sourcecode.swift; path = AddAddressController.swift; sourceTree = "<group>"; };
		1812E2D62C47AC7E00D05C0F /* AddressListExtension.swift */ = {isa = PBXFileReference; lastKnownFileType = sourcecode.swift; path = AddressListExtension.swift; sourceTree = "<group>"; };
		1812E2DC2C47DA7D00D05C0F /* OrderListViewController.swift */ = {isa = PBXFileReference; lastKnownFileType = sourcecode.swift; path = OrderListViewController.swift; sourceTree = "<group>"; };
		1812E2DE2C47DC6600D05C0F /* OrderModel.swift */ = {isa = PBXFileReference; lastKnownFileType = sourcecode.swift; path = OrderModel.swift; sourceTree = "<group>"; };
		1812E2E02C47DD2500D05C0F /* OrderViewModel.swift */ = {isa = PBXFileReference; lastKnownFileType = sourcecode.swift; path = OrderViewModel.swift; sourceTree = "<group>"; };
		1812E2E22C47E4D600D05C0F /* OrderListModel.swift */ = {isa = PBXFileReference; lastKnownFileType = sourcecode.swift; path = OrderListModel.swift; sourceTree = "<group>"; };
		1812E2E42C47EBDB00D05C0F /* OrderListViewModel.swift */ = {isa = PBXFileReference; lastKnownFileType = sourcecode.swift; path = OrderListViewModel.swift; sourceTree = "<group>"; };
		1812E2E62C47ED3600D05C0F /* OrderListViewCell.swift */ = {isa = PBXFileReference; lastKnownFileType = sourcecode.swift; path = OrderListViewCell.swift; sourceTree = "<group>"; };
		1812E2E72C47ED3600D05C0F /* OrderListViewCell.xib */ = {isa = PBXFileReference; lastKnownFileType = file.xib; path = OrderListViewCell.xib; sourceTree = "<group>"; };
		1812E2EA2C47EDA000D05C0F /* OrderListExtension.swift */ = {isa = PBXFileReference; lastKnownFileType = sourcecode.swift; path = OrderListExtension.swift; sourceTree = "<group>"; };
		181910E32C3F9BDB0018B1E8 /* CartTableViewCell.swift */ = {isa = PBXFileReference; lastKnownFileType = sourcecode.swift; path = CartTableViewCell.swift; sourceTree = "<group>"; };
		181910E42C3F9BDB0018B1E8 /* CartTableViewCell.xib */ = {isa = PBXFileReference; lastKnownFileType = file.xib; path = CartTableViewCell.xib; sourceTree = "<group>"; };
		181910E72C3FA5EB0018B1E8 /* CartViewModel.swift */ = {isa = PBXFileReference; lastKnownFileType = sourcecode.swift; path = CartViewModel.swift; sourceTree = "<group>"; };
		181910E92C3FB8040018B1E8 /* ProductListViewModel.swift */ = {isa = PBXFileReference; lastKnownFileType = sourcecode.swift; path = ProductListViewModel.swift; sourceTree = "<group>"; };
		181910ED2C3FE5440018B1E8 /* ListCartModel.swift */ = {isa = PBXFileReference; lastKnownFileType = sourcecode.swift; path = ListCartModel.swift; sourceTree = "<group>"; };
		181910EF2C3FE97A0018B1E8 /* ListCartViewModel.swift */ = {isa = PBXFileReference; lastKnownFileType = sourcecode.swift; path = ListCartViewModel.swift; sourceTree = "<group>"; };
		181910F12C4007550018B1E8 /* AmountTableViewCell.swift */ = {isa = PBXFileReference; lastKnownFileType = sourcecode.swift; path = AmountTableViewCell.swift; sourceTree = "<group>"; };
		181910F22C4007550018B1E8 /* AmountTableViewCell.xib */ = {isa = PBXFileReference; lastKnownFileType = file.xib; path = AmountTableViewCell.xib; sourceTree = "<group>"; };
		18278A662C41388A004F7629 /* DeleteCartViewModel.swift */ = {isa = PBXFileReference; lastKnownFileType = sourcecode.swift; path = DeleteCartViewModel.swift; sourceTree = "<group>"; };
		18278A702C415914004F7629 /* UserModel.swift */ = {isa = PBXFileReference; lastKnownFileType = sourcecode.swift; path = UserModel.swift; sourceTree = "<group>"; };
		18278A722C415947004F7629 /* UserDetailsViewModel.swift */ = {isa = PBXFileReference; lastKnownFileType = sourcecode.swift; path = UserDetailsViewModel.swift; sourceTree = "<group>"; };
		18278A742C4159E1004F7629 /* MyAccountViewController.swift */ = {isa = PBXFileReference; lastKnownFileType = sourcecode.swift; path = MyAccountViewController.swift; sourceTree = "<group>"; };
		1828FC4E2C35102A007DB450 /* RegisterViewModel.swift */ = {isa = PBXFileReference; lastKnownFileType = sourcecode.swift; path = RegisterViewModel.swift; sourceTree = "<group>"; };
		183089FB2C33FB1500C62ABD /* APIManager.swift */ = {isa = PBXFileReference; lastKnownFileType = sourcecode.swift; path = APIManager.swift; sourceTree = "<group>"; };
		18308A012C33FE1600C62ABD /* UserEndPointType.swift */ = {isa = PBXFileReference; lastKnownFileType = sourcecode.swift; path = UserEndPointType.swift; sourceTree = "<group>"; };
		18308A032C33FF3800C62ABD /* Register.swift */ = {isa = PBXFileReference; lastKnownFileType = sourcecode.swift; path = Register.swift; sourceTree = "<group>"; };
		18308A052C33FFC600C62ABD /* Login.swift */ = {isa = PBXFileReference; lastKnownFileType = sourcecode.swift; path = Login.swift; sourceTree = "<group>"; };
		187807202C36CFCD006B2097 /* HomeVCExtension.swift */ = {isa = PBXFileReference; lastKnownFileType = sourcecode.swift; path = HomeVCExtension.swift; sourceTree = "<group>"; };
		187807262C36D0B7006B2097 /* MyCollectionViewCell.swift */ = {isa = PBXFileReference; lastKnownFileType = sourcecode.swift; path = MyCollectionViewCell.swift; sourceTree = "<group>"; };
		187807272C36D0B7006B2097 /* MyCollectionViewCell.xib */ = {isa = PBXFileReference; lastKnownFileType = file.xib; path = MyCollectionViewCell.xib; sourceTree = "<group>"; };
		189215BF2C4E52D200B2B65A /* EditCartViewModel.swift */ = {isa = PBXFileReference; lastKnownFileType = sourcecode.swift; path = EditCartViewModel.swift; sourceTree = "<group>"; };
		18B0A8A92C3E8F2600C9366D /* CartViewController.swift */ = {isa = PBXFileReference; lastKnownFileType = sourcecode.swift; path = CartViewController.swift; sourceTree = "<group>"; };
		18B0A8AB2C3E998900C9366D /* CartExtension.swift */ = {isa = PBXFileReference; lastKnownFileType = sourcecode.swift; path = CartExtension.swift; sourceTree = "<group>"; };
		18B0A8AD2C3E9E2800C9366D /* CartModel.swift */ = {isa = PBXFileReference; lastKnownFileType = sourcecode.swift; path = CartModel.swift; sourceTree = "<group>"; };
		18BC69502C328BA8002A5425 /* NeoStoreMVVM.app */ = {isa = PBXFileReference; explicitFileType = wrapper.application; includeInIndex = 0; path = NeoStoreMVVM.app; sourceTree = BUILT_PRODUCTS_DIR; };
		18BC69532C328BA8002A5425 /* AppDelegate.swift */ = {isa = PBXFileReference; lastKnownFileType = sourcecode.swift; path = AppDelegate.swift; sourceTree = "<group>"; };
		18BC69552C328BA8002A5425 /* SceneDelegate.swift */ = {isa = PBXFileReference; lastKnownFileType = sourcecode.swift; path = SceneDelegate.swift; sourceTree = "<group>"; };
		18BC695A2C328BA8002A5425 /* Base */ = {isa = PBXFileReference; lastKnownFileType = file.storyboard; name = Base; path = Base.lproj/Main.storyboard; sourceTree = "<group>"; };
		18BC695D2C328BA8002A5425 /* NeoStoreMVVM.xcdatamodel */ = {isa = PBXFileReference; lastKnownFileType = wrapper.xcdatamodel; path = NeoStoreMVVM.xcdatamodel; sourceTree = "<group>"; };
		18BC695F2C328BAA002A5425 /* Assets.xcassets */ = {isa = PBXFileReference; lastKnownFileType = folder.assetcatalog; path = Assets.xcassets; sourceTree = "<group>"; };
		18BC69622C328BAA002A5425 /* Base */ = {isa = PBXFileReference; lastKnownFileType = file.storyboard; name = Base; path = Base.lproj/LaunchScreen.storyboard; sourceTree = "<group>"; };
		18BC69642C328BAA002A5425 /* Info.plist */ = {isa = PBXFileReference; lastKnownFileType = text.plist.xml; path = Info.plist; sourceTree = "<group>"; };
		18BC69752C328CD5002A5425 /* LoginViewController.swift */ = {isa = PBXFileReference; lastKnownFileType = sourcecode.swift; path = LoginViewController.swift; sourceTree = "<group>"; };
		18BC69782C32ABCC002A5425 /* UITextFieldExtension.swift */ = {isa = PBXFileReference; lastKnownFileType = sourcecode.swift; path = UITextFieldExtension.swift; sourceTree = "<group>"; };
		18BC697A2C32B0AB002A5425 /* ButtonExtension.swift */ = {isa = PBXFileReference; lastKnownFileType = sourcecode.swift; path = ButtonExtension.swift; sourceTree = "<group>"; };
		18BC69822C32BA76002A5425 /* ForgetPassViewController.swift */ = {isa = PBXFileReference; lastKnownFileType = sourcecode.swift; path = ForgetPassViewController.swift; sourceTree = "<group>"; };
		18BC69882C32C37C002A5425 /* RegisterViewController.swift */ = {isa = PBXFileReference; lastKnownFileType = sourcecode.swift; path = RegisterViewController.swift; sourceTree = "<group>"; };
		18C1FAC72C4A95F800648E42 /* UIPickerViewExtension.swift */ = {isa = PBXFileReference; lastKnownFileType = sourcecode.swift; path = UIPickerViewExtension.swift; sourceTree = "<group>"; };
		18C1FAC92C4A962F00648E42 /* CartPickerExtension.swift */ = {isa = PBXFileReference; lastKnownFileType = sourcecode.swift; path = CartPickerExtension.swift; sourceTree = "<group>"; };
		18C424C72C44D963002E0CA1 /* EditAccountController.swift */ = {isa = PBXFileReference; lastKnownFileType = sourcecode.swift; path = EditAccountController.swift; sourceTree = "<group>"; };
		18C424C92C44D97A002E0CA1 /* EditAccountModel.swift */ = {isa = PBXFileReference; lastKnownFileType = sourcecode.swift; path = EditAccountModel.swift; sourceTree = "<group>"; };
		18C424CB2C44D98B002E0CA1 /* EditAccountViewModel.swift */ = {isa = PBXFileReference; lastKnownFileType = sourcecode.swift; path = EditAccountViewModel.swift; sourceTree = "<group>"; };
		18C424CD2C44EC01002E0CA1 /* ForgotPassModel.swift */ = {isa = PBXFileReference; lastKnownFileType = sourcecode.swift; path = ForgotPassModel.swift; sourceTree = "<group>"; };
		18C424CF2C44ECA5002E0CA1 /* ForgotPassViewModel.swift */ = {isa = PBXFileReference; lastKnownFileType = sourcecode.swift; path = ForgotPassViewModel.swift; sourceTree = "<group>"; };
		18C424D52C44F356002E0CA1 /* ResetPassViewController.swift */ = {isa = PBXFileReference; lastKnownFileType = sourcecode.swift; path = ResetPassViewController.swift; sourceTree = "<group>"; };
		18C424D72C44F367002E0CA1 /* ResetPassModel.swift */ = {isa = PBXFileReference; lastKnownFileType = sourcecode.swift; path = ResetPassModel.swift; sourceTree = "<group>"; };
		18C424D92C44F377002E0CA1 /* ResetPassViewModel.swift */ = {isa = PBXFileReference; lastKnownFileType = sourcecode.swift; path = ResetPassViewModel.swift; sourceTree = "<group>"; };
		18C424DF2C4503C6002E0CA1 /* ProductRatingController.swift */ = {isa = PBXFileReference; lastKnownFileType = sourcecode.swift; path = ProductRatingController.swift; sourceTree = "<group>"; };
		18C424E22C4503F1002E0CA1 /* ProductRatingModel.swift */ = {isa = PBXFileReference; lastKnownFileType = sourcecode.swift; path = ProductRatingModel.swift; sourceTree = "<group>"; };
		18C424E42C450402002E0CA1 /* ProductRatingVM.swift */ = {isa = PBXFileReference; lastKnownFileType = sourcecode.swift; path = ProductRatingVM.swift; sourceTree = "<group>"; };
		18D2502E2C3D01EB00D58CFF /* UIImageExtension.swift */ = {isa = PBXFileReference; lastKnownFileType = sourcecode.swift; path = UIImageExtension.swift; sourceTree = "<group>"; };
		18D250302C3D163000D58CFF /* StarRatingView.swift */ = {isa = PBXFileReference; lastKnownFileType = sourcecode.swift; path = StarRatingView.swift; sourceTree = "<group>"; };
		18D2503A2C3D24A800D58CFF /* ProductTableViewCell.swift */ = {isa = PBXFileReference; lastKnownFileType = sourcecode.swift; path = ProductTableViewCell.swift; sourceTree = "<group>"; };
		18D2503B2C3D24A800D58CFF /* ProductTableViewCell.xib */ = {isa = PBXFileReference; lastKnownFileType = file.xib; path = ProductTableViewCell.xib; sourceTree = "<group>"; };
		18D6392F2C48D1640060B282 /* OrderDetailsViewController.swift */ = {isa = PBXFileReference; lastKnownFileType = sourcecode.swift; path = OrderDetailsViewController.swift; sourceTree = "<group>"; };
		18D639312C48D22C0060B282 /* OrderDetailsModel.swift */ = {isa = PBXFileReference; lastKnownFileType = sourcecode.swift; path = OrderDetailsModel.swift; sourceTree = "<group>"; };
		18D639332C48D33E0060B282 /* OrderDetailsVM.swift */ = {isa = PBXFileReference; lastKnownFileType = sourcecode.swift; path = OrderDetailsVM.swift; sourceTree = "<group>"; };
		18D639352C48D38F0060B282 /* OrderDetailsExtension.swift */ = {isa = PBXFileReference; lastKnownFileType = sourcecode.swift; path = OrderDetailsExtension.swift; sourceTree = "<group>"; };
		18D6393B2C48F9480060B282 /* OrderDetailsViewCell.swift */ = {isa = PBXFileReference; lastKnownFileType = sourcecode.swift; path = OrderDetailsViewCell.swift; sourceTree = "<group>"; };
		18D6393C2C48F9480060B282 /* OrderDetailsViewCell.xib */ = {isa = PBXFileReference; lastKnownFileType = file.xib; path = OrderDetailsViewCell.xib; sourceTree = "<group>"; };
		18DA70E92C37F2B0008A2B96 /* SideViewController.swift */ = {isa = PBXFileReference; lastKnownFileType = sourcecode.swift; path = SideViewController.swift; sourceTree = "<group>"; };
		18DA70EB2C37F808008A2B96 /* SideTableViewCell.swift */ = {isa = PBXFileReference; lastKnownFileType = sourcecode.swift; path = SideTableViewCell.swift; sourceTree = "<group>"; };
		18DA70EC2C37F808008A2B96 /* SideTableViewCell.xib */ = {isa = PBXFileReference; lastKnownFileType = file.xib; path = SideTableViewCell.xib; sourceTree = "<group>"; };
		18DA70EF2C37FD55008A2B96 /* SideVCExtension.swift */ = {isa = PBXFileReference; lastKnownFileType = sourcecode.swift; path = SideVCExtension.swift; sourceTree = "<group>"; };
		18DA70F12C38009A008A2B96 /* ImageExtension.swift */ = {isa = PBXFileReference; lastKnownFileType = sourcecode.swift; path = ImageExtension.swift; sourceTree = "<group>"; };
		18EA75C12C3BBD35009E3179 /* CustomView.swift */ = {isa = PBXFileReference; lastKnownFileType = sourcecode.swift; path = CustomView.swift; sourceTree = "<group>"; };
		18EA75C52C3BC330009E3179 /* HomeViewExtension.swift */ = {isa = PBXFileReference; lastKnownFileType = sourcecode.swift; path = HomeViewExtension.swift; sourceTree = "<group>"; };
		18EA75E22C3BF049009E3179 /* APIHelper.swift */ = {isa = PBXFileReference; lastKnownFileType = sourcecode.swift; path = APIHelper.swift; sourceTree = "<group>"; };
		18EB09542C4F656E00B3E4EC /* LoginVM.swift */ = {isa = PBXFileReference; lastKnownFileType = sourcecode.swift; path = LoginVM.swift; sourceTree = "<group>"; };
		18EB09562C4F72BD00B3E4EC /* Gotham Bold */ = {isa = PBXFileReference; lastKnownFileType = folder; path = "Gotham Bold"; sourceTree = "<group>"; };
		18EB09592C4F870D00B3E4EC /* ProductViewModel.swift */ = {isa = PBXFileReference; lastKnownFileType = sourcecode.swift; path = ProductViewModel.swift; sourceTree = "<group>"; };
		18EB095B2C4F879A00B3E4EC /* ProductViewController.swift */ = {isa = PBXFileReference; lastKnownFileType = sourcecode.swift; path = ProductViewController.swift; sourceTree = "<group>"; };
		18FE15532C3D3DD400DD9026 /* ProductExtension.swift */ = {isa = PBXFileReference; lastKnownFileType = sourcecode.swift; path = ProductExtension.swift; sourceTree = "<group>"; };
		18FE155C2C3D499A00DD9026 /* Product.swift */ = {isa = PBXFileReference; lastKnownFileType = sourcecode.swift; path = Product.swift; sourceTree = "<group>"; };
		18FE15662C3D5BD100DD9026 /* ProductListViewController.swift */ = {isa = PBXFileReference; lastKnownFileType = sourcecode.swift; path = ProductListViewController.swift; sourceTree = "<group>"; };
/* End PBXFileReference section */

/* Begin PBXFrameworksBuildPhase section */
		18BC694D2C328BA8002A5425 /* Frameworks */ = {
			isa = PBXFrameworksBuildPhase;
			buildActionMask = 2147483647;
			files = (
				18EA75E12C3BE53D009E3179 /* Kingfisher in Frameworks */,
				18308A092C34009A00C62ABD /* Alamofire in Frameworks */,
			);
			runOnlyForDeploymentPostprocessing = 0;
		};
/* End PBXFrameworksBuildPhase section */

/* Begin PBXGroup section */
		180B1C892C366EFD00607EB9 /* HomeScreen */ = {
			isa = PBXGroup;
			children = (
				180B1C8C2C366F1400607EB9 /* ViewModel */,
				180B1C8B2C366F0E00607EB9 /* View */,
				180B1C8A2C366F0800607EB9 /* Model */,
			);
			path = HomeScreen;
			sourceTree = "<group>";
		};
		180B1C8A2C366F0800607EB9 /* Model */ = {
			isa = PBXGroup;
			children = (
			);
			path = Model;
			sourceTree = "<group>";
		};
		180B1C8B2C366F0E00607EB9 /* View */ = {
			isa = PBXGroup;
			children = (
				180B1C8D2C366F2C00607EB9 /* HomeViewController.swift */,
				187807262C36D0B7006B2097 /* MyCollectionViewCell.swift */,
				187807272C36D0B7006B2097 /* MyCollectionViewCell.xib */,
				18DA70E92C37F2B0008A2B96 /* SideViewController.swift */,
				18DA70EB2C37F808008A2B96 /* SideTableViewCell.swift */,
				18DA70EC2C37F808008A2B96 /* SideTableViewCell.xib */,
			);
			path = View;
			sourceTree = "<group>";
		};
		180B1C8C2C366F1400607EB9 /* ViewModel */ = {
			isa = PBXGroup;
			children = (
				187807202C36CFCD006B2097 /* HomeVCExtension.swift */,
				18DA70EF2C37FD55008A2B96 /* SideVCExtension.swift */,
				18EA75C52C3BC330009E3179 /* HomeViewExtension.swift */,
			);
			path = ViewModel;
			sourceTree = "<group>";
		};
		180E410E2C465157002992DA /* ProductQuantity */ = {
			isa = PBXGroup;
			children = (
				180E41112C46517A002992DA /* ViewModel */,
				180E41102C465172002992DA /* View */,
				180E410F2C46516C002992DA /* Model */,
			);
			path = ProductQuantity;
			sourceTree = "<group>";
		};
		180E410F2C46516C002992DA /* Model */ = {
			isa = PBXGroup;
			children = (
			);
			path = Model;
			sourceTree = "<group>";
		};
		180E41102C465172002992DA /* View */ = {
			isa = PBXGroup;
			children = (
				180E41142C4651C9002992DA /* ProductQuantityController.swift */,
			);
			path = View;
			sourceTree = "<group>";
		};
		180E41112C46517A002992DA /* ViewModel */ = {
			isa = PBXGroup;
			children = (
			);
			path = ViewModel;
			sourceTree = "<group>";
		};
		180E41162C468A51002992DA /* Address Details */ = {
			isa = PBXGroup;
			children = (
				180E41192C468A82002992DA /* ViewModel */,
				180E41182C468A7D002992DA /* View */,
				180E41172C468A77002992DA /* Model */,
			);
			path = "Address Details";
			sourceTree = "<group>";
		};
		180E41172C468A77002992DA /* Model */ = {
			isa = PBXGroup;
			children = (
				1812E2DE2C47DC6600D05C0F /* OrderModel.swift */,
			);
			path = Model;
			sourceTree = "<group>";
		};
		180E41182C468A7D002992DA /* View */ = {
			isa = PBXGroup;
			children = (
				180E411A2C468A9A002992DA /* AddressListViewController.swift */,
				180E412B2C469BB9002992DA /* AddressListCell.swift */,
				180E412C2C469BB9002992DA /* AddressListCell.xib */,
			);
			path = View;
			sourceTree = "<group>";
		};
		180E41192C468A82002992DA /* ViewModel */ = {
			isa = PBXGroup;
			children = (
				1812E2D62C47AC7E00D05C0F /* AddressListExtension.swift */,
				1812E2E02C47DD2500D05C0F /* OrderViewModel.swift */,
			);
			path = ViewModel;
			sourceTree = "<group>";
		};
		180E411C2C468D2A002992DA /* Store Locator */ = {
			isa = PBXGroup;
			children = (
				180E411E2C468D61002992DA /* View Model */,
				180E411D2C468D3D002992DA /* View */,
			);
			path = "Store Locator";
			sourceTree = "<group>";
		};
		180E411D2C468D3D002992DA /* View */ = {
			isa = PBXGroup;
			children = (
				180E411F2C468D75002992DA /* StoreViewController.swift */,
				180E41212C4691EB002992DA /* Capital.swift */,
				180E41252C46956B002992DA /* StoreViewExtension.swift */,
				180E41272C4695F2002992DA /* StoreTableViewCell.swift */,
				180E41282C4695F2002992DA /* StoreTableViewCell.xib */,
			);
			path = View;
			sourceTree = "<group>";
		};
		180E411E2C468D61002992DA /* View Model */ = {
			isa = PBXGroup;
			children = (
			);
			path = "View Model";
			sourceTree = "<group>";
		};
		1812E2CB2C47780200D05C0F /* AddAdress */ = {
			isa = PBXGroup;
			children = (
				1812E2CE2C47781600D05C0F /* ViewModel */,
				1812E2CD2C47781100D05C0F /* Model */,
				1812E2CC2C47780A00D05C0F /* View */,
			);
			path = AddAdress;
			sourceTree = "<group>";
		};
		1812E2CC2C47780A00D05C0F /* View */ = {
			isa = PBXGroup;
			children = (
				1812E2CF2C47784100D05C0F /* AddAddressController.swift */,
			);
			path = View;
			sourceTree = "<group>";
		};
		1812E2CD2C47781100D05C0F /* Model */ = {
			isa = PBXGroup;
			children = (
			);
			path = Model;
			sourceTree = "<group>";
		};
		1812E2CE2C47781600D05C0F /* ViewModel */ = {
			isa = PBXGroup;
			children = (
			);
			path = ViewModel;
			sourceTree = "<group>";
		};
		1812E2D82C47DA3E00D05C0F /* MyOrders */ = {
			isa = PBXGroup;
			children = (
				1812E2DB2C47DA5500D05C0F /* ViewModel */,
				1812E2DA2C47DA4E00D05C0F /* Model */,
				1812E2D92C47DA4600D05C0F /* View */,
			);
			path = MyOrders;
			sourceTree = "<group>";
		};
		1812E2D92C47DA4600D05C0F /* View */ = {
			isa = PBXGroup;
			children = (
				1812E2DC2C47DA7D00D05C0F /* OrderListViewController.swift */,
				1812E2E62C47ED3600D05C0F /* OrderListViewCell.swift */,
				1812E2E72C47ED3600D05C0F /* OrderListViewCell.xib */,
				1812E2EA2C47EDA000D05C0F /* OrderListExtension.swift */,
			);
			path = View;
			sourceTree = "<group>";
		};
		1812E2DA2C47DA4E00D05C0F /* Model */ = {
			isa = PBXGroup;
			children = (
				1812E2E22C47E4D600D05C0F /* OrderListModel.swift */,
			);
			path = Model;
			sourceTree = "<group>";
		};
		1812E2DB2C47DA5500D05C0F /* ViewModel */ = {
			isa = PBXGroup;
			children = (
				1812E2E42C47EBDB00D05C0F /* OrderListViewModel.swift */,
			);
			path = ViewModel;
			sourceTree = "<group>";
		};
		18278A6C2C415833004F7629 /* MyAccount */ = {
			isa = PBXGroup;
			children = (
				18278A6F2C41584D004F7629 /* ViewModel */,
				18278A6E2C415848004F7629 /* Model */,
				18278A6D2C41583F004F7629 /* View */,
			);
			path = MyAccount;
			sourceTree = "<group>";
		};
		18278A6D2C41583F004F7629 /* View */ = {
			isa = PBXGroup;
			children = (
				18278A742C4159E1004F7629 /* MyAccountViewController.swift */,
			);
			path = View;
			sourceTree = "<group>";
		};
		18278A6E2C415848004F7629 /* Model */ = {
			isa = PBXGroup;
			children = (
				18278A702C415914004F7629 /* UserModel.swift */,
			);
			path = Model;
			sourceTree = "<group>";
		};
		18278A6F2C41584D004F7629 /* ViewModel */ = {
			isa = PBXGroup;
			children = (
				18278A722C415947004F7629 /* UserDetailsViewModel.swift */,
			);
			path = ViewModel;
			sourceTree = "<group>";
		};
		18308A002C33FDDC00C62ABD /* Utility */ = {
			isa = PBXGroup;
			children = (
				18308A012C33FE1600C62ABD /* UserEndPointType.swift */,
			);
			path = Utility;
			sourceTree = "<group>";
		};
		18B0A8A52C3E8DD000C9366D /* CartScreen */ = {
			isa = PBXGroup;
			children = (
				18B0A8A82C3E8DF400C9366D /* Model */,
				18B0A8A72C3E8DE800C9366D /* ViewModel */,
				18B0A8A62C3E8DDE00C9366D /* View */,
			);
			path = CartScreen;
			sourceTree = "<group>";
		};
		18B0A8A62C3E8DDE00C9366D /* View */ = {
			isa = PBXGroup;
			children = (
				18B0A8A92C3E8F2600C9366D /* CartViewController.swift */,
				18B0A8AB2C3E998900C9366D /* CartExtension.swift */,
				181910E32C3F9BDB0018B1E8 /* CartTableViewCell.swift */,
				181910E42C3F9BDB0018B1E8 /* CartTableViewCell.xib */,
				181910F12C4007550018B1E8 /* AmountTableViewCell.swift */,
				181910F22C4007550018B1E8 /* AmountTableViewCell.xib */,
				18C1FAC92C4A962F00648E42 /* CartPickerExtension.swift */,
			);
			path = View;
			sourceTree = "<group>";
		};
		18B0A8A72C3E8DE800C9366D /* ViewModel */ = {
			isa = PBXGroup;
			children = (
				181910E72C3FA5EB0018B1E8 /* CartViewModel.swift */,
				181910EF2C3FE97A0018B1E8 /* ListCartViewModel.swift */,
				18278A662C41388A004F7629 /* DeleteCartViewModel.swift */,
				189215BF2C4E52D200B2B65A /* EditCartViewModel.swift */,
			);
			path = ViewModel;
			sourceTree = "<group>";
		};
		18B0A8A82C3E8DF400C9366D /* Model */ = {
			isa = PBXGroup;
			children = (
				18B0A8AD2C3E9E2800C9366D /* CartModel.swift */,
				181910ED2C3FE5440018B1E8 /* ListCartModel.swift */,
			);
			path = Model;
			sourceTree = "<group>";
		};
		18BC69472C328BA8002A5425 = {
			isa = PBXGroup;
			children = (
				18BC69522C328BA8002A5425 /* NeoStoreMVVM */,
				18BC69512C328BA8002A5425 /* Products */,
			);
			sourceTree = "<group>";
		};
		18BC69512C328BA8002A5425 /* Products */ = {
			isa = PBXGroup;
			children = (
				18BC69502C328BA8002A5425 /* NeoStoreMVVM.app */,
			);
			name = Products;
			sourceTree = "<group>";
		};
		18BC69522C328BA8002A5425 /* NeoStoreMVVM */ = {
			isa = PBXGroup;
			children = (
				18BC696A2C328BB1002A5425 /* Application */,
				18308A002C33FDDC00C62ABD /* Utility */,
				18BC696D2C328BCD002A5425 /* Helper */,
				18BC69702C328C86002A5425 /* Screens */,
				18BC696F2C328BF0002A5425 /* Storyboard */,
				18BC696E2C328BD3002A5425 /* Extensions */,
				18BC696C2C328BC5002A5425 /* Resources */,
				18BC695C2C328BA8002A5425 /* NeoStoreMVVM.xcdatamodeld */,
				18BC69642C328BAA002A5425 /* Info.plist */,
			);
			path = NeoStoreMVVM;
			sourceTree = "<group>";
		};
		18BC696A2C328BB1002A5425 /* Application */ = {
			isa = PBXGroup;
			children = (
				18BC69532C328BA8002A5425 /* AppDelegate.swift */,
				18BC69552C328BA8002A5425 /* SceneDelegate.swift */,
			);
			path = Application;
			sourceTree = "<group>";
		};
		18BC696C2C328BC5002A5425 /* Resources */ = {
			isa = PBXGroup;
			children = (
				18EB09562C4F72BD00B3E4EC /* Gotham Bold */,
				18BC695F2C328BAA002A5425 /* Assets.xcassets */,
			);
			path = Resources;
			sourceTree = "<group>";
		};
		18BC696D2C328BCD002A5425 /* Helper */ = {
			isa = PBXGroup;
			children = (
				183089FB2C33FB1500C62ABD /* APIManager.swift */,
				18EA75E22C3BF049009E3179 /* APIHelper.swift */,
			);
			path = Helper;
			sourceTree = "<group>";
		};
		18BC696E2C328BD3002A5425 /* Extensions */ = {
			isa = PBXGroup;
			children = (
				18BC69782C32ABCC002A5425 /* UITextFieldExtension.swift */,
				18BC697A2C32B0AB002A5425 /* ButtonExtension.swift */,
				180B1C852C3660E700607EB9 /* StringExtension.swift */,
				180B1C872C36615900607EB9 /* AlertFieldExtension.swift */,
				18DA70F12C38009A008A2B96 /* ImageExtension.swift */,
				18EA75C12C3BBD35009E3179 /* CustomView.swift */,
				18D2502E2C3D01EB00D58CFF /* UIImageExtension.swift */,
				18D250302C3D163000D58CFF /* StarRatingView.swift */,
				180E410A2C463365002992DA /* StarRating.swift */,
				18C1FAC72C4A95F800648E42 /* UIPickerViewExtension.swift */,
			);
			path = Extensions;
			sourceTree = "<group>";
		};
		18BC696F2C328BF0002A5425 /* Storyboard */ = {
			isa = PBXGroup;
			children = (
				18BC69592C328BA8002A5425 /* Main.storyboard */,
				18BC69612C328BAA002A5425 /* LaunchScreen.storyboard */,
			);
			path = Storyboard;
			sourceTree = "<group>";
		};
		18BC69702C328C86002A5425 /* Screens */ = {
			isa = PBXGroup;
			children = (
				18D639292C48D1030060B282 /* OrderDetails */,
				1812E2D82C47DA3E00D05C0F /* MyOrders */,
				1812E2CB2C47780200D05C0F /* AddAdress */,
				180E411C2C468D2A002992DA /* Store Locator */,
				180E41162C468A51002992DA /* Address Details */,
				180E410E2C465157002992DA /* ProductQuantity */,
				18C424DB2C45038E002E0CA1 /* ProductRating */,
				18C424D12C44F32B002E0CA1 /* Reset Password */,
				18C424C32C44D91D002E0CA1 /* EditProfile */,
				18278A6C2C415833004F7629 /* MyAccount */,
				18B0A8A52C3E8DD000C9366D /* CartScreen */,
				18FE15622C3D5B7E00DD9026 /* ProductListing */,
				18FE15512C3D39DE00DD9026 /* Products */,
				18BC69842C32C340002A5425 /* Register */,
				18BC697C2C32B9D2002A5425 /* ForgetPassword */,
				180B1C892C366EFD00607EB9 /* HomeScreen */,
				18BC69712C328CA6002A5425 /* Login */,
			);
			path = Screens;
			sourceTree = "<group>";
		};
		18BC69712C328CA6002A5425 /* Login */ = {
			isa = PBXGroup;
			children = (
				18BC69742C328CB8002A5425 /* View Model */,
				18BC69732C328CB3002A5425 /* Model */,
				18BC69722C328CAE002A5425 /* View */,
			);
			path = Login;
			sourceTree = "<group>";
		};
		18BC69722C328CAE002A5425 /* View */ = {
			isa = PBXGroup;
			children = (
				18BC69752C328CD5002A5425 /* LoginViewController.swift */,
			);
			path = View;
			sourceTree = "<group>";
		};
		18BC69732C328CB3002A5425 /* Model */ = {
			isa = PBXGroup;
			children = (
				18308A052C33FFC600C62ABD /* Login.swift */,
			);
			path = Model;
			sourceTree = "<group>";
		};
		18BC69742C328CB8002A5425 /* View Model */ = {
			isa = PBXGroup;
			children = (
				18EB09542C4F656E00B3E4EC /* LoginVM.swift */,
			);
			path = "View Model";
			sourceTree = "<group>";
		};
		18BC697C2C32B9D2002A5425 /* ForgetPassword */ = {
			isa = PBXGroup;
			children = (
				18BC697F2C32B9F8002A5425 /* View */,
				18BC697E2C32B9F2002A5425 /* Model */,
				18BC697D2C32B9E7002A5425 /* View Model */,
			);
			path = ForgetPassword;
			sourceTree = "<group>";
		};
		18BC697D2C32B9E7002A5425 /* View Model */ = {
			isa = PBXGroup;
			children = (
				18C424CF2C44ECA5002E0CA1 /* ForgotPassViewModel.swift */,
			);
			path = "View Model";
			sourceTree = "<group>";
		};
		18BC697E2C32B9F2002A5425 /* Model */ = {
			isa = PBXGroup;
			children = (
				18C424CD2C44EC01002E0CA1 /* ForgotPassModel.swift */,
			);
			path = Model;
			sourceTree = "<group>";
		};
		18BC697F2C32B9F8002A5425 /* View */ = {
			isa = PBXGroup;
			children = (
				18BC69822C32BA76002A5425 /* ForgetPassViewController.swift */,
			);
			path = View;
			sourceTree = "<group>";
		};
		18BC69842C32C340002A5425 /* Register */ = {
			isa = PBXGroup;
			children = (
				18BC69872C32C367002A5425 /* Model */,
				18BC69862C32C360002A5425 /* ViewModel */,
				18BC69852C32C359002A5425 /* View */,
			);
			path = Register;
			sourceTree = "<group>";
		};
		18BC69852C32C359002A5425 /* View */ = {
			isa = PBXGroup;
			children = (
				18BC69882C32C37C002A5425 /* RegisterViewController.swift */,
			);
			path = View;
			sourceTree = "<group>";
		};
		18BC69862C32C360002A5425 /* ViewModel */ = {
			isa = PBXGroup;
			children = (
				1828FC4E2C35102A007DB450 /* RegisterViewModel.swift */,
			);
			path = ViewModel;
			sourceTree = "<group>";
		};
		18BC69872C32C367002A5425 /* Model */ = {
			isa = PBXGroup;
			children = (
				18308A032C33FF3800C62ABD /* Register.swift */,
			);
			path = Model;
			sourceTree = "<group>";
		};
		18C424C32C44D91D002E0CA1 /* EditProfile */ = {
			isa = PBXGroup;
			children = (
				18C424C62C44D941002E0CA1 /* ViewModel */,
				18C424C52C44D93B002E0CA1 /* Model */,
				18C424C42C44D932002E0CA1 /* View */,
			);
			path = EditProfile;
			sourceTree = "<group>";
		};
		18C424C42C44D932002E0CA1 /* View */ = {
			isa = PBXGroup;
			children = (
				18C424C72C44D963002E0CA1 /* EditAccountController.swift */,
			);
			path = View;
			sourceTree = "<group>";
		};
		18C424C52C44D93B002E0CA1 /* Model */ = {
			isa = PBXGroup;
			children = (
				18C424C92C44D97A002E0CA1 /* EditAccountModel.swift */,
			);
			path = Model;
			sourceTree = "<group>";
		};
		18C424C62C44D941002E0CA1 /* ViewModel */ = {
			isa = PBXGroup;
			children = (
				18C424CB2C44D98B002E0CA1 /* EditAccountViewModel.swift */,
			);
			path = ViewModel;
			sourceTree = "<group>";
		};
		18C424D12C44F32B002E0CA1 /* Reset Password */ = {
			isa = PBXGroup;
			children = (
				18C424D42C44F342002E0CA1 /* View */,
				18C424D32C44F33C002E0CA1 /* Model */,
				18C424D22C44F335002E0CA1 /* ViewModel */,
			);
			path = "Reset Password";
			sourceTree = "<group>";
		};
		18C424D22C44F335002E0CA1 /* ViewModel */ = {
			isa = PBXGroup;
			children = (
				18C424D92C44F377002E0CA1 /* ResetPassViewModel.swift */,
			);
			path = ViewModel;
			sourceTree = "<group>";
		};
		18C424D32C44F33C002E0CA1 /* Model */ = {
			isa = PBXGroup;
			children = (
				18C424D72C44F367002E0CA1 /* ResetPassModel.swift */,
			);
			path = Model;
			sourceTree = "<group>";
		};
		18C424D42C44F342002E0CA1 /* View */ = {
			isa = PBXGroup;
			children = (
				18C424D52C44F356002E0CA1 /* ResetPassViewController.swift */,
			);
			path = View;
			sourceTree = "<group>";
		};
		18C424DB2C45038E002E0CA1 /* ProductRating */ = {
			isa = PBXGroup;
			children = (
				18C424DE2C4503AA002E0CA1 /* View */,
				18C424DD2C4503A4002E0CA1 /* Model */,
				18C424DC2C45039A002E0CA1 /* ViewModel */,
			);
			path = ProductRating;
			sourceTree = "<group>";
		};
		18C424DC2C45039A002E0CA1 /* ViewModel */ = {
			isa = PBXGroup;
			children = (
				18C424E42C450402002E0CA1 /* ProductRatingVM.swift */,
			);
			path = ViewModel;
			sourceTree = "<group>";
		};
		18C424DD2C4503A4002E0CA1 /* Model */ = {
			isa = PBXGroup;
			children = (
				18C424E22C4503F1002E0CA1 /* ProductRatingModel.swift */,
			);
			path = Model;
			sourceTree = "<group>";
		};
		18C424DE2C4503AA002E0CA1 /* View */ = {
			isa = PBXGroup;
			children = (
				18C424DF2C4503C6002E0CA1 /* ProductRatingController.swift */,
			);
			path = View;
			sourceTree = "<group>";
		};
		18D639292C48D1030060B282 /* OrderDetails */ = {
			isa = PBXGroup;
			children = (
				18D6392C2C48D1270060B282 /* ViewModel */,
				18D6392B2C48D11F0060B282 /* Model */,
				18D6392A2C48D1180060B282 /* View */,
			);
			path = OrderDetails;
			sourceTree = "<group>";
		};
		18D6392A2C48D1180060B282 /* View */ = {
			isa = PBXGroup;
			children = (
				18D6392F2C48D1640060B282 /* OrderDetailsViewController.swift */,
				18D639352C48D38F0060B282 /* OrderDetailsExtension.swift */,
				18D6393B2C48F9480060B282 /* OrderDetailsViewCell.swift */,
				18D6393C2C48F9480060B282 /* OrderDetailsViewCell.xib */,
			);
			path = View;
			sourceTree = "<group>";
		};
		18D6392B2C48D11F0060B282 /* Model */ = {
			isa = PBXGroup;
			children = (
				18D639312C48D22C0060B282 /* OrderDetailsModel.swift */,
			);
			path = Model;
			sourceTree = "<group>";
		};
		18D6392C2C48D1270060B282 /* ViewModel */ = {
			isa = PBXGroup;
			children = (
				18D639332C48D33E0060B282 /* OrderDetailsVM.swift */,
			);
			path = ViewModel;
			sourceTree = "<group>";
		};
		18EB09582C4F86A300B3E4EC /* MainVM */ = {
			isa = PBXGroup;
			children = (
				18EB09592C4F870D00B3E4EC /* ProductViewModel.swift */,
			);
			path = MainVM;
			sourceTree = "<group>";
		};
		18FE15512C3D39DE00DD9026 /* Products */ = {
			isa = PBXGroup;
			children = (
				18EB09582C4F86A300B3E4EC /* MainVM */,
				18FE155B2C3D498800DD9026 /* MainModel */,
				18FE15522C3D3A3900DD9026 /* MainView */,
			);
			path = Products;
			sourceTree = "<group>";
		};
		18FE15522C3D3A3900DD9026 /* MainView */ = {
			isa = PBXGroup;
			children = (
				18D2503A2C3D24A800D58CFF /* ProductTableViewCell.swift */,
				18D2503B2C3D24A800D58CFF /* ProductTableViewCell.xib */,
				18FE15532C3D3DD400DD9026 /* ProductExtension.swift */,
				18EB095B2C4F879A00B3E4EC /* ProductViewController.swift */,
			);
			path = MainView;
			sourceTree = "<group>";
		};
		18FE155B2C3D498800DD9026 /* MainModel */ = {
			isa = PBXGroup;
			children = (
				18FE155C2C3D499A00DD9026 /* Product.swift */,
			);
			path = MainModel;
			sourceTree = "<group>";
		};
		18FE15622C3D5B7E00DD9026 /* ProductListing */ = {
			isa = PBXGroup;
			children = (
				18FE15652C3D5BA300DD9026 /* ViewModel */,
				18FE15642C3D5B9900DD9026 /* Model */,
				18FE15632C3D5B9300DD9026 /* View */,
			);
			path = ProductListing;
			sourceTree = "<group>";
		};
		18FE15632C3D5B9300DD9026 /* View */ = {
			isa = PBXGroup;
			children = (
				18FE15662C3D5BD100DD9026 /* ProductListViewController.swift */,
			);
			path = View;
			sourceTree = "<group>";
		};
		18FE15642C3D5B9900DD9026 /* Model */ = {
			isa = PBXGroup;
			children = (
			);
			path = Model;
			sourceTree = "<group>";
		};
		18FE15652C3D5BA300DD9026 /* ViewModel */ = {
			isa = PBXGroup;
			children = (
				181910E92C3FB8040018B1E8 /* ProductListViewModel.swift */,
			);
			path = ViewModel;
			sourceTree = "<group>";
		};
/* End PBXGroup section */

/* Begin PBXNativeTarget section */
		18BC694F2C328BA8002A5425 /* NeoStoreMVVM */ = {
			isa = PBXNativeTarget;
			buildConfigurationList = 18BC69672C328BAA002A5425 /* Build configuration list for PBXNativeTarget "NeoStoreMVVM" */;
			buildPhases = (
				18BC694C2C328BA8002A5425 /* Sources */,
				18BC694D2C328BA8002A5425 /* Frameworks */,
				18BC694E2C328BA8002A5425 /* Resources */,
			);
			buildRules = (
			);
			dependencies = (
			);
			name = NeoStoreMVVM;
			packageProductDependencies = (
				18308A082C34009A00C62ABD /* Alamofire */,
				18EA75E02C3BE53D009E3179 /* Kingfisher */,
			);
			productName = NeoStoreMVVM;
			productReference = 18BC69502C328BA8002A5425 /* NeoStoreMVVM.app */;
			productType = "com.apple.product-type.application";
		};
/* End PBXNativeTarget section */

/* Begin PBXProject section */
		18BC69482C328BA8002A5425 /* Project object */ = {
			isa = PBXProject;
			attributes = {
				BuildIndependentTargetsInParallel = 1;
				LastSwiftUpdateCheck = 1410;
				LastUpgradeCheck = 1410;
				TargetAttributes = {
					18BC694F2C328BA8002A5425 = {
						CreatedOnToolsVersion = 14.1;
					};
				};
			};
			buildConfigurationList = 18BC694B2C328BA8002A5425 /* Build configuration list for PBXProject "NeoStoreMVVM" */;
			compatibilityVersion = "Xcode 14.0";
			developmentRegion = en;
			hasScannedForEncodings = 0;
			knownRegions = (
				en,
				Base,
			);
			mainGroup = 18BC69472C328BA8002A5425;
			packageReferences = (
				18308A072C34009A00C62ABD /* XCRemoteSwiftPackageReference "Alamofire" */,
				18EA75DF2C3BE53D009E3179 /* XCRemoteSwiftPackageReference "Kingfisher" */,
			);
			productRefGroup = 18BC69512C328BA8002A5425 /* Products */;
			projectDirPath = "";
			projectRoot = "";
			targets = (
				18BC694F2C328BA8002A5425 /* NeoStoreMVVM */,
			);
		};
/* End PBXProject section */

/* Begin PBXResourcesBuildPhase section */
		18BC694E2C328BA8002A5425 /* Resources */ = {
			isa = PBXResourcesBuildPhase;
			buildActionMask = 2147483647;
			files = (
				18DA70EE2C37F808008A2B96 /* SideTableViewCell.xib in Resources */,
				1812E2E92C47ED3600D05C0F /* OrderListViewCell.xib in Resources */,
				18BC69632C328BAA002A5425 /* LaunchScreen.storyboard in Resources */,
				181910E62C3F9BDB0018B1E8 /* CartTableViewCell.xib in Resources */,
				18BC69602C328BAA002A5425 /* Assets.xcassets in Resources */,
				187807292C36D0B7006B2097 /* MyCollectionViewCell.xib in Resources */,
				18D6393E2C48F9480060B282 /* OrderDetailsViewCell.xib in Resources */,
				18EB09572C4F72BD00B3E4EC /* Gotham Bold in Resources */,
				18D2503D2C3D24A800D58CFF /* ProductTableViewCell.xib in Resources */,
				180E412E2C469BB9002992DA /* AddressListCell.xib in Resources */,
				18BC695B2C328BA8002A5425 /* Main.storyboard in Resources */,
				181910F42C4007550018B1E8 /* AmountTableViewCell.xib in Resources */,
				180E412A2C4695F2002992DA /* StoreTableViewCell.xib in Resources */,
			);
			runOnlyForDeploymentPostprocessing = 0;
		};
/* End PBXResourcesBuildPhase section */

/* Begin PBXSourcesBuildPhase section */
		18BC694C2C328BA8002A5425 /* Sources */ = {
			isa = PBXSourcesBuildPhase;
			buildActionMask = 2147483647;
			files = (
				1812E2D72C47AC7E00D05C0F /* AddressListExtension.swift in Sources */,
				18D639362C48D38F0060B282 /* OrderDetailsExtension.swift in Sources */,
				18D250312C3D163000D58CFF /* StarRatingView.swift in Sources */,
				18278A752C4159E1004F7629 /* MyAccountViewController.swift in Sources */,
				18C424E52C450402002E0CA1 /* ProductRatingVM.swift in Sources */,
				18D6393D2C48F9480060B282 /* OrderDetailsViewCell.swift in Sources */,
				18D2503C2C3D24A800D58CFF /* ProductTableViewCell.swift in Sources */,
				18EB095A2C4F870D00B3E4EC /* ProductViewModel.swift in Sources */,
				1812E2E82C47ED3600D05C0F /* OrderListViewCell.swift in Sources */,
				18BC69792C32ABCD002A5425 /* UITextFieldExtension.swift in Sources */,
				18BC69762C328CD5002A5425 /* LoginViewController.swift in Sources */,
				180B1C862C3660E700607EB9 /* StringExtension.swift in Sources */,
				189215C02C4E52D200B2B65A /* EditCartViewModel.swift in Sources */,
				18C424D02C44ECA5002E0CA1 /* ForgotPassViewModel.swift in Sources */,
				1812E2EB2C47EDA000D05C0F /* OrderListExtension.swift in Sources */,
				180E41222C4691EB002992DA /* Capital.swift in Sources */,
				18D639342C48D33E0060B282 /* OrderDetailsVM.swift in Sources */,
				180B1C8E2C366F2C00607EB9 /* HomeViewController.swift in Sources */,
				18308A062C33FFC600C62ABD /* Login.swift in Sources */,
				18EA75E32C3BF04A009E3179 /* APIHelper.swift in Sources */,
				1812E2DF2C47DC6600D05C0F /* OrderModel.swift in Sources */,
				187807212C36CFCD006B2097 /* HomeVCExtension.swift in Sources */,
				181910F02C3FE97A0018B1E8 /* ListCartViewModel.swift in Sources */,
				18B0A8AA2C3E8F2600C9366D /* CartViewController.swift in Sources */,
				18C424C82C44D963002E0CA1 /* EditAccountController.swift in Sources */,
				18BC69542C328BA8002A5425 /* AppDelegate.swift in Sources */,
				18C424D82C44F367002E0CA1 /* ResetPassModel.swift in Sources */,
				18C424E02C4503C6002E0CA1 /* ProductRatingController.swift in Sources */,
				180E41152C4651C9002992DA /* ProductQuantityController.swift in Sources */,
				181910E82C3FA5EB0018B1E8 /* CartViewModel.swift in Sources */,
				18C424CA2C44D97A002E0CA1 /* EditAccountModel.swift in Sources */,
				1812E2DD2C47DA7D00D05C0F /* OrderListViewController.swift in Sources */,
				181910EE2C3FE5440018B1E8 /* ListCartModel.swift in Sources */,
				181910EA2C3FB8040018B1E8 /* ProductListViewModel.swift in Sources */,
				18DA70F02C37FD55008A2B96 /* SideVCExtension.swift in Sources */,
				18C424CE2C44EC01002E0CA1 /* ForgotPassModel.swift in Sources */,
				183089FC2C33FB1500C62ABD /* APIManager.swift in Sources */,
				18B0A8AC2C3E998900C9366D /* CartExtension.swift in Sources */,
				180E41202C468D75002992DA /* StoreViewController.swift in Sources */,
				18278A732C415947004F7629 /* UserDetailsViewModel.swift in Sources */,
				18B0A8AE2C3E9E2800C9366D /* CartModel.swift in Sources */,
				180E41292C4695F2002992DA /* StoreTableViewCell.swift in Sources */,
				18BC69892C32C37C002A5425 /* RegisterViewController.swift in Sources */,
				18FE15542C3D3DD400DD9026 /* ProductExtension.swift in Sources */,
				1812E2E52C47EBDB00D05C0F /* OrderListViewModel.swift in Sources */,
				18308A022C33FE1600C62ABD /* UserEndPointType.swift in Sources */,
				18C424CC2C44D98B002E0CA1 /* EditAccountViewModel.swift in Sources */,
				18EA75C62C3BC330009E3179 /* HomeViewExtension.swift in Sources */,
				18C1FAC82C4A95F800648E42 /* UIPickerViewExtension.swift in Sources */,
				18308A042C33FF3800C62ABD /* Register.swift in Sources */,
				18BC69832C32BA76002A5425 /* ForgetPassViewController.swift in Sources */,
				18BC697B2C32B0AC002A5425 /* ButtonExtension.swift in Sources */,
				18C424DA2C44F377002E0CA1 /* ResetPassViewModel.swift in Sources */,
				18D2502F2C3D01EB00D58CFF /* UIImageExtension.swift in Sources */,
				180E412D2C469BB9002992DA /* AddressListCell.swift in Sources */,
				18278A672C41388A004F7629 /* DeleteCartViewModel.swift in Sources */,
				18C1FACA2C4A962F00648E42 /* CartPickerExtension.swift in Sources */,
				18BC695E2C328BA8002A5425 /* NeoStoreMVVM.xcdatamodeld in Sources */,
				18DA70ED2C37F808008A2B96 /* SideTableViewCell.swift in Sources */,
				1812E2D02C47784100D05C0F /* AddAddressController.swift in Sources */,
				18C424E32C4503F1002E0CA1 /* ProductRatingModel.swift in Sources */,
				18C424D62C44F356002E0CA1 /* ResetPassViewController.swift in Sources */,
				18DA70EA2C37F2B0008A2B96 /* SideViewController.swift in Sources */,
				187807282C36D0B7006B2097 /* MyCollectionViewCell.swift in Sources */,
				18EB095C2C4F879A00B3E4EC /* ProductViewController.swift in Sources */,
				180B1C882C36615900607EB9 /* AlertFieldExtension.swift in Sources */,
				18D639322C48D22C0060B282 /* OrderDetailsModel.swift in Sources */,
				18FE155D2C3D499A00DD9026 /* Product.swift in Sources */,
				180E411B2C468A9A002992DA /* AddressListViewController.swift in Sources */,
				181910F32C4007550018B1E8 /* AmountTableViewCell.swift in Sources */,
				18EB09552C4F656E00B3E4EC /* LoginVM.swift in Sources */,
				18FE15672C3D5BD100DD9026 /* ProductListViewController.swift in Sources */,
				180E410B2C463365002992DA /* StarRating.swift in Sources */,
				1812E2E32C47E4D600D05C0F /* OrderListModel.swift in Sources */,
				181910E52C3F9BDB0018B1E8 /* CartTableViewCell.swift in Sources */,
				18EA75C22C3BBD35009E3179 /* CustomView.swift in Sources */,
				18278A712C415914004F7629 /* UserModel.swift in Sources */,
				1828FC4F2C35102A007DB450 /* RegisterViewModel.swift in Sources */,
				18DA70F22C38009A008A2B96 /* ImageExtension.swift in Sources */,
				1812E2E12C47DD2500D05C0F /* OrderViewModel.swift in Sources */,
				18D639302C48D1640060B282 /* OrderDetailsViewController.swift in Sources */,
				180E41262C46956B002992DA /* StoreViewExtension.swift in Sources */,
				18BC69562C328BA8002A5425 /* SceneDelegate.swift in Sources */,
			);
			runOnlyForDeploymentPostprocessing = 0;
		};
/* End PBXSourcesBuildPhase section */

/* Begin PBXVariantGroup section */
		18BC69592C328BA8002A5425 /* Main.storyboard */ = {
			isa = PBXVariantGroup;
			children = (
				18BC695A2C328BA8002A5425 /* Base */,
			);
			name = Main.storyboard;
			sourceTree = "<group>";
		};
		18BC69612C328BAA002A5425 /* LaunchScreen.storyboard */ = {
			isa = PBXVariantGroup;
			children = (
				18BC69622C328BAA002A5425 /* Base */,
			);
			name = LaunchScreen.storyboard;
			sourceTree = "<group>";
		};
/* End PBXVariantGroup section */

/* Begin XCBuildConfiguration section */
		18BC69652C328BAA002A5425 /* Debug */ = {
			isa = XCBuildConfiguration;
			buildSettings = {
				ALWAYS_SEARCH_USER_PATHS = NO;
				CLANG_ANALYZER_NONNULL = YES;
				CLANG_ANALYZER_NUMBER_OBJECT_CONVERSION = YES_AGGRESSIVE;
				CLANG_CXX_LANGUAGE_STANDARD = "gnu++20";
				CLANG_ENABLE_MODULES = YES;
				CLANG_ENABLE_OBJC_ARC = YES;
				CLANG_ENABLE_OBJC_WEAK = YES;
				CLANG_WARN_BLOCK_CAPTURE_AUTORELEASING = YES;
				CLANG_WARN_BOOL_CONVERSION = YES;
				CLANG_WARN_COMMA = YES;
				CLANG_WARN_CONSTANT_CONVERSION = YES;
				CLANG_WARN_DEPRECATED_OBJC_IMPLEMENTATIONS = YES;
				CLANG_WARN_DIRECT_OBJC_ISA_USAGE = YES_ERROR;
				CLANG_WARN_DOCUMENTATION_COMMENTS = YES;
				CLANG_WARN_EMPTY_BODY = YES;
				CLANG_WARN_ENUM_CONVERSION = YES;
				CLANG_WARN_INFINITE_RECURSION = YES;
				CLANG_WARN_INT_CONVERSION = YES;
				CLANG_WARN_NON_LITERAL_NULL_CONVERSION = YES;
				CLANG_WARN_OBJC_IMPLICIT_RETAIN_SELF = YES;
				CLANG_WARN_OBJC_LITERAL_CONVERSION = YES;
				CLANG_WARN_OBJC_ROOT_CLASS = YES_ERROR;
				CLANG_WARN_QUOTED_INCLUDE_IN_FRAMEWORK_HEADER = YES;
				CLANG_WARN_RANGE_LOOP_ANALYSIS = YES;
				CLANG_WARN_STRICT_PROTOTYPES = YES;
				CLANG_WARN_SUSPICIOUS_MOVE = YES;
				CLANG_WARN_UNGUARDED_AVAILABILITY = YES_AGGRESSIVE;
				CLANG_WARN_UNREACHABLE_CODE = YES;
				CLANG_WARN__DUPLICATE_METHOD_MATCH = YES;
				COPY_PHASE_STRIP = NO;
				DEBUG_INFORMATION_FORMAT = dwarf;
				ENABLE_STRICT_OBJC_MSGSEND = YES;
				ENABLE_TESTABILITY = YES;
				GCC_C_LANGUAGE_STANDARD = gnu11;
				GCC_DYNAMIC_NO_PIC = NO;
				GCC_NO_COMMON_BLOCKS = YES;
				GCC_OPTIMIZATION_LEVEL = 0;
				GCC_PREPROCESSOR_DEFINITIONS = (
					"DEBUG=1",
					"$(inherited)",
				);
				GCC_WARN_64_TO_32_BIT_CONVERSION = YES;
				GCC_WARN_ABOUT_RETURN_TYPE = YES_ERROR;
				GCC_WARN_UNDECLARED_SELECTOR = YES;
				GCC_WARN_UNINITIALIZED_AUTOS = YES_AGGRESSIVE;
				GCC_WARN_UNUSED_FUNCTION = YES;
				GCC_WARN_UNUSED_VARIABLE = YES;
				IPHONEOS_DEPLOYMENT_TARGET = 16.1;
				MTL_ENABLE_DEBUG_INFO = INCLUDE_SOURCE;
				MTL_FAST_MATH = YES;
				ONLY_ACTIVE_ARCH = YES;
				SDKROOT = iphoneos;
				SWIFT_ACTIVE_COMPILATION_CONDITIONS = DEBUG;
				SWIFT_OPTIMIZATION_LEVEL = "-Onone";
			};
			name = Debug;
		};
		18BC69662C328BAA002A5425 /* Release */ = {
			isa = XCBuildConfiguration;
			buildSettings = {
				ALWAYS_SEARCH_USER_PATHS = NO;
				CLANG_ANALYZER_NONNULL = YES;
				CLANG_ANALYZER_NUMBER_OBJECT_CONVERSION = YES_AGGRESSIVE;
				CLANG_CXX_LANGUAGE_STANDARD = "gnu++20";
				CLANG_ENABLE_MODULES = YES;
				CLANG_ENABLE_OBJC_ARC = YES;
				CLANG_ENABLE_OBJC_WEAK = YES;
				CLANG_WARN_BLOCK_CAPTURE_AUTORELEASING = YES;
				CLANG_WARN_BOOL_CONVERSION = YES;
				CLANG_WARN_COMMA = YES;
				CLANG_WARN_CONSTANT_CONVERSION = YES;
				CLANG_WARN_DEPRECATED_OBJC_IMPLEMENTATIONS = YES;
				CLANG_WARN_DIRECT_OBJC_ISA_USAGE = YES_ERROR;
				CLANG_WARN_DOCUMENTATION_COMMENTS = YES;
				CLANG_WARN_EMPTY_BODY = YES;
				CLANG_WARN_ENUM_CONVERSION = YES;
				CLANG_WARN_INFINITE_RECURSION = YES;
				CLANG_WARN_INT_CONVERSION = YES;
				CLANG_WARN_NON_LITERAL_NULL_CONVERSION = YES;
				CLANG_WARN_OBJC_IMPLICIT_RETAIN_SELF = YES;
				CLANG_WARN_OBJC_LITERAL_CONVERSION = YES;
				CLANG_WARN_OBJC_ROOT_CLASS = YES_ERROR;
				CLANG_WARN_QUOTED_INCLUDE_IN_FRAMEWORK_HEADER = YES;
				CLANG_WARN_RANGE_LOOP_ANALYSIS = YES;
				CLANG_WARN_STRICT_PROTOTYPES = YES;
				CLANG_WARN_SUSPICIOUS_MOVE = YES;
				CLANG_WARN_UNGUARDED_AVAILABILITY = YES_AGGRESSIVE;
				CLANG_WARN_UNREACHABLE_CODE = YES;
				CLANG_WARN__DUPLICATE_METHOD_MATCH = YES;
				COPY_PHASE_STRIP = NO;
				DEBUG_INFORMATION_FORMAT = "dwarf-with-dsym";
				ENABLE_NS_ASSERTIONS = NO;
				ENABLE_STRICT_OBJC_MSGSEND = YES;
				GCC_C_LANGUAGE_STANDARD = gnu11;
				GCC_NO_COMMON_BLOCKS = YES;
				GCC_WARN_64_TO_32_BIT_CONVERSION = YES;
				GCC_WARN_ABOUT_RETURN_TYPE = YES_ERROR;
				GCC_WARN_UNDECLARED_SELECTOR = YES;
				GCC_WARN_UNINITIALIZED_AUTOS = YES_AGGRESSIVE;
				GCC_WARN_UNUSED_FUNCTION = YES;
				GCC_WARN_UNUSED_VARIABLE = YES;
				IPHONEOS_DEPLOYMENT_TARGET = 16.1;
				MTL_ENABLE_DEBUG_INFO = NO;
				MTL_FAST_MATH = YES;
				SDKROOT = iphoneos;
				SWIFT_COMPILATION_MODE = wholemodule;
				SWIFT_OPTIMIZATION_LEVEL = "-O";
				VALIDATE_PRODUCT = YES;
			};
			name = Release;
		};
		18BC69682C328BAA002A5425 /* Debug */ = {
			isa = XCBuildConfiguration;
			buildSettings = {
				ASSETCATALOG_COMPILER_APPICON_NAME = AppIcon;
				ASSETCATALOG_COMPILER_GLOBAL_ACCENT_COLOR_NAME = AccentColor;
				CODE_SIGN_STYLE = Automatic;
				CURRENT_PROJECT_VERSION = 1;
				GENERATE_INFOPLIST_FILE = YES;
				INFOPLIST_FILE = NeoStoreMVVM/Info.plist;
				INFOPLIST_KEY_UIApplicationSupportsIndirectInputEvents = YES;
				INFOPLIST_KEY_UILaunchStoryboardName = LaunchScreen;
				INFOPLIST_KEY_UIMainStoryboardFile = Main;
				INFOPLIST_KEY_UISupportedInterfaceOrientations_iPad = "UIInterfaceOrientationPortrait UIInterfaceOrientationPortraitUpsideDown UIInterfaceOrientationLandscapeLeft UIInterfaceOrientationLandscapeRight";
				INFOPLIST_KEY_UISupportedInterfaceOrientations_iPhone = "UIInterfaceOrientationPortrait UIInterfaceOrientationLandscapeLeft UIInterfaceOrientationLandscapeRight";
				LD_RUNPATH_SEARCH_PATHS = (
					"$(inherited)",
					"@executable_path/Frameworks",
				);
				MARKETING_VERSION = 1.0;
				PRODUCT_BUNDLE_IDENTIFIER = com.neosoft.NeoStoreMVVM;
				PRODUCT_NAME = "$(TARGET_NAME)";
				SWIFT_EMIT_LOC_STRINGS = YES;
				SWIFT_VERSION = 5.0;
				TARGETED_DEVICE_FAMILY = "1,2";
			};
			name = Debug;
		};
		18BC69692C328BAA002A5425 /* Release */ = {
			isa = XCBuildConfiguration;
			buildSettings = {
				ASSETCATALOG_COMPILER_APPICON_NAME = AppIcon;
				ASSETCATALOG_COMPILER_GLOBAL_ACCENT_COLOR_NAME = AccentColor;
				CODE_SIGN_STYLE = Automatic;
				CURRENT_PROJECT_VERSION = 1;
				GENERATE_INFOPLIST_FILE = YES;
				INFOPLIST_FILE = NeoStoreMVVM/Info.plist;
				INFOPLIST_KEY_UIApplicationSupportsIndirectInputEvents = YES;
				INFOPLIST_KEY_UILaunchStoryboardName = LaunchScreen;
				INFOPLIST_KEY_UIMainStoryboardFile = Main;
				INFOPLIST_KEY_UISupportedInterfaceOrientations_iPad = "UIInterfaceOrientationPortrait UIInterfaceOrientationPortraitUpsideDown UIInterfaceOrientationLandscapeLeft UIInterfaceOrientationLandscapeRight";
				INFOPLIST_KEY_UISupportedInterfaceOrientations_iPhone = "UIInterfaceOrientationPortrait UIInterfaceOrientationLandscapeLeft UIInterfaceOrientationLandscapeRight";
				LD_RUNPATH_SEARCH_PATHS = (
					"$(inherited)",
					"@executable_path/Frameworks",
				);
				MARKETING_VERSION = 1.0;
				PRODUCT_BUNDLE_IDENTIFIER = com.neosoft.NeoStoreMVVM;
				PRODUCT_NAME = "$(TARGET_NAME)";
				SWIFT_EMIT_LOC_STRINGS = YES;
				SWIFT_VERSION = 5.0;
				TARGETED_DEVICE_FAMILY = "1,2";
			};
			name = Release;
		};
/* End XCBuildConfiguration section */

/* Begin XCConfigurationList section */
		18BC694B2C328BA8002A5425 /* Build configuration list for PBXProject "NeoStoreMVVM" */ = {
			isa = XCConfigurationList;
			buildConfigurations = (
				18BC69652C328BAA002A5425 /* Debug */,
				18BC69662C328BAA002A5425 /* Release */,
			);
			defaultConfigurationIsVisible = 0;
			defaultConfigurationName = Release;
		};
		18BC69672C328BAA002A5425 /* Build configuration list for PBXNativeTarget "NeoStoreMVVM" */ = {
			isa = XCConfigurationList;
			buildConfigurations = (
				18BC69682C328BAA002A5425 /* Debug */,
				18BC69692C328BAA002A5425 /* Release */,
			);
			defaultConfigurationIsVisible = 0;
			defaultConfigurationName = Release;
		};
/* End XCConfigurationList section */

/* Begin XCRemoteSwiftPackageReference section */
		18308A072C34009A00C62ABD /* XCRemoteSwiftPackageReference "Alamofire" */ = {
			isa = XCRemoteSwiftPackageReference;
			repositoryURL = "https://github.com/Alamofire/Alamofire";
			requirement = {
				kind = upToNextMajorVersion;
				minimumVersion = 5.0.0;
			};
		};
		18EA75DF2C3BE53D009E3179 /* XCRemoteSwiftPackageReference "Kingfisher" */ = {
			isa = XCRemoteSwiftPackageReference;
			repositoryURL = "https://github.com/onevcat/Kingfisher";
			requirement = {
				kind = upToNextMajorVersion;
				minimumVersion = 7.0.0;
			};
		};
/* End XCRemoteSwiftPackageReference section */

/* Begin XCSwiftPackageProductDependency section */
		18308A082C34009A00C62ABD /* Alamofire */ = {
			isa = XCSwiftPackageProductDependency;
			package = 18308A072C34009A00C62ABD /* XCRemoteSwiftPackageReference "Alamofire" */;
			productName = Alamofire;
		};
		18EA75E02C3BE53D009E3179 /* Kingfisher */ = {
			isa = XCSwiftPackageProductDependency;
			package = 18EA75DF2C3BE53D009E3179 /* XCRemoteSwiftPackageReference "Kingfisher" */;
			productName = Kingfisher;
		};
/* End XCSwiftPackageProductDependency section */

/* Begin XCVersionGroup section */
		18BC695C2C328BA8002A5425 /* NeoStoreMVVM.xcdatamodeld */ = {
			isa = XCVersionGroup;
			children = (
				18BC695D2C328BA8002A5425 /* NeoStoreMVVM.xcdatamodel */,
			);
			currentVersion = 18BC695D2C328BA8002A5425 /* NeoStoreMVVM.xcdatamodel */;
			path = NeoStoreMVVM.xcdatamodeld;
			sourceTree = "<group>";
			versionGroupType = wrapper.xcdatamodel;
		};
/* End XCVersionGroup section */
	};
	rootObject = 18BC69482C328BA8002A5425 /* Project object */;
}
